
Microsoft Visual Studio Solution File, Format Version 12.00
# Visual Studio 14
VisualStudioVersion = 14.0.24720.0
MinimumVisualStudioVersion = 10.0.40219.1
Project("{8BC9CEB8-8B4A-11D0-8D11-00A0C91BC942}") = "TrabalhoSO2Main", "TrabalhoSO2Main\TrabalhoSO2Main.vcxproj", "{21957AA8-E6D8-46D6-B064-6040205F006A}"
EndProject
Project("{8BC9CEB8-8B4A-11D0-8D11-00A0C91BC942}") = "TrabalhoSO2Monstro", "TrabalhoSO2Monstro\TrabalhoSO2Monstro.vcxproj", "{4C735A9B-8C36-40D3-834E-0148DA48CE33}"
EndProject
Global
	GlobalSection(SolutionConfigurationPlatforms) = preSolution
		Debug|x64 = Debug|x64
		Debug|x86 = Debug|x86
		Release|x64 = Release|x64
		Release|x86 = Release|x86
	EndGlobalSection
	GlobalSection(ProjectConfigurationPlatforms) = postSolution
		{21957AA8-E6D8-46D6-B064-6040205F006A}.Debug|x64.ActiveCfg = Debug|x64
		{21957AA8-E6D8-46D6-B064-6040205F006A}.Debug|x64.Build.0 = Debug|x64
		{21957AA8-E6D8-46D6-B064-6040205F006A}.Debug|x86.ActiveCfg = Debug|Win32
		{21957AA8-E6D8-46D6-B064-6040205F006A}.Debug|x86.Build.0 = Debug|Win32
		{21957AA8-E6D8-46D6-B064-6040205F006A}.Release|x64.ActiveCfg = Release|x64
		{21957AA8-E6D8-46D6-B064-6040205F006A}.Release|x64.Build.0 = Release|x64
		{21957AA8-E6D8-46D6-B064-6040205F006A}.Release|x86.ActiveCfg = Release|Win32
		{21957AA8-E6D8-46D6-B064-6040205F006A}.Release|x86.Build.0 = Release|Win32
		{4C735A9B-8C36-40D3-834E-0148DA48CE33}.Debug|x64.ActiveCfg = Debug|x64
		{4C735A9B-8C36-40D3-834E-0148DA48CE33}.Debug|x64.Build.0 = Debug|x64
		{4C735A9B-8C36-40D3-834E-0148DA48CE33}.Debug|x86.ActiveCfg = Debug|Win32
		{4C735A9B-8C36-40D3-834E-0148DA48CE33}.Debug|x86.Build.0 = Debug|Win32
		{4C735A9B-8C36-40D3-834E-0148DA48CE33}.Release|x64.ActiveCfg = Release|x64
		{4C735A9B-8C36-40D3-834E-0148DA48CE33}.Release|x64.Build.0 = Release|x64
		{4C735A9B-8C36-40D3-834E-0148DA48CE33}.Release|x86.ActiveCfg = Release|Win32
		{4C735A9B-8C36-40D3-834E-0148DA48CE33}.Release|x86.Build.0 = Release|Win32
	EndGlobalSection
	GlobalSection(SolutionProperties) = preSolution
		HideSolutionNode = FALSE
	EndGlobalSection
EndGlobal
